
Microsoft Visual Studio Solution File, Format Version 12.00
# Visual Studio 2013
VisualStudioVersion = 12.0.21005.1
MinimumVisualStudioVersion = 10.0.40219.1
Project("{FAE04EC0-301F-11D3-BF4B-00C04F79EFBC}") = "09-CompositePattern", "CompositePattern\09-CompositePattern.csproj", "{F019873D-422A-4FA7-AB72-52CAEC1E2959}"
EndProject
Project("{FAE04EC0-301F-11D3-BF4B-00C04F79EFBC}") = "05-PrototypePattern", "PrototypePattern\05-PrototypePattern.csproj", "{C6482E73-CB9A-4AC8-8DB9-31A11C748437}"
EndProject
Project("{FAE04EC0-301F-11D3-BF4B-00C04F79EFBC}") = "06-BuilderPattern", "BuilderPattern\06-BuilderPattern.csproj", "{E2B8468E-90C5-45C0-B0B9-DFDFC1877A82}"
EndProject
Project("{FAE04EC0-301F-11D3-BF4B-00C04F79EFBC}") = "07-AdapterPattern", "07-AdapterPattern\07-AdapterPattern.csproj", "{F0055A61-6495-410A-971D-61C4F0060A00}"
EndProject
Project("{FAE04EC0-301F-11D3-BF4B-00C04F79EFBC}") = "08-BridgePattern", "08-BridgePattern\08-BridgePattern.csproj", "{72D1DE06-0B1B-4D87-BABA-DD2CEFF7B0C7}"
EndProject
Project("{FAE04EC0-301F-11D3-BF4B-00C04F79EFBC}") = "10-DecoratorPattern", "DecoratorPattern\10-DecoratorPattern.csproj", "{BFA62552-A827-4D26-89A7-2964277F5A46}"
EndProject
Project("{FAE04EC0-301F-11D3-BF4B-00C04F79EFBC}") = "11-FacadePattern", "11-FacadePattern\11-FacadePattern.csproj", "{B8B98D72-15E2-4DA6-A489-DD9FC9C66280}"
EndProject
Project("{FAE04EC0-301F-11D3-BF4B-00C04F79EFBC}") = "12-FlyweightPattern", "12-FlyweightPattern\12-FlyweightPattern.csproj", "{3D769765-62B5-485A-86ED-2F014148D5D4}"
EndProject
Project("{FAE04EC0-301F-11D3-BF4B-00C04F79EFBC}") = "13-ProxyPattern", "13-ProxyPattern\13-ProxyPattern.csproj", "{D5EBF6FC-8C9F-482E-9868-CEB17F9ED076}"
EndProject
Project("{FAE04EC0-301F-11D3-BF4B-00C04F79EFBC}") = "14-ChainOfResponsibilityPattern", "14-ChainOfResponsibilityPattern\14-ChainOfResponsibilityPattern.csproj", "{AFAA3DC9-4B72-426B-B48B-7393FB67825B}"
EndProject
Project("{FAE04EC0-301F-11D3-BF4B-00C04F79EFBC}") = "15-CommandPattern", "15-CommandPattern\15-CommandPattern.csproj", "{23806DA2-93A9-450E-A643-20F32F5CCED1}"
EndProject
Project("{FAE04EC0-301F-11D3-BF4B-00C04F79EFBC}") = "16-InterpretorPattern", "16-InterpretorPattern\16-InterpretorPattern.csproj", "{12E674D0-9262-41DD-A593-C4F06EEB0AAE}"
EndProject
Project("{FAE04EC0-301F-11D3-BF4B-00C04F79EFBC}") = "17-IteratorPattern", "17-IteratorPattern\17-IteratorPattern.csproj", "{13ECAC45-A5CF-4258-B0F9-4B172B817244}"
EndProject
Project("{FAE04EC0-301F-11D3-BF4B-00C04F79EFBC}") = "18-MediatorPattern", "18-MediatorPattern\18-MediatorPattern.csproj", "{9AB651F2-C6D2-4727-9968-E1C680A90A90}"
EndProject
Project("{FAE04EC0-301F-11D3-BF4B-00C04F79EFBC}") = "19-MementoPattern", "19-MementoPattern\19-MementoPattern.csproj", "{FE310F73-7076-47D5-8EA1-E51F68CCC19A}"
EndProject
Project("{FAE04EC0-301F-11D3-BF4B-00C04F79EFBC}") = "20-ObserverPattern", "20-ObserverPattern\20-ObserverPattern.csproj", "{78C7658D-B648-4C48-B912-82D44006DFDF}"
EndProject
Project("{FAE04EC0-301F-11D3-BF4B-00C04F79EFBC}") = "21-StatePattern", "21-StatePattern\21-StatePattern.csproj", "{CED130C1-6402-4C97-B6DF-46111E4182CA}"
EndProject
Project("{FAE04EC0-301F-11D3-BF4B-00C04F79EFBC}") = "22-StrategyPattern", "22-StrategyPattern\22-StrategyPattern.csproj", "{677B2F4A-1A0D-470E-AA55-B0B65D6BAA6D}"
EndProject
Project("{FAE04EC0-301F-11D3-BF4B-00C04F79EFBC}") = "23-TemplateMethodPattern", "23-TemplateMethodPattern\23-TemplateMethodPattern.csproj", "{54CE41D9-54F5-4F5D-9D03-A1F7881836C3}"
EndProject
Project("{FAE04EC0-301F-11D3-BF4B-00C04F79EFBC}") = "24-VisitorPattern", "24-VisitorPattern\24-VisitorPattern.csproj", "{DDCCC3F8-64B9-41DA-84F1-AD7CAF493268}"
EndProject
Project("{FAE04EC0-301F-11D3-BF4B-00C04F79EFBC}") = "04-SingletonPattern", "04-SingletonPattern\04-SingletonPattern.csproj", "{0C2556E9-5614-4C11-B901-1DF4B7A0CC44}"
EndProject
Project("{FAE04EC0-301F-11D3-BF4B-00C04F79EFBC}") = "01-SimpleFactoryPattern", "01-SimpleFactoryPattern\01-SimpleFactoryPattern.csproj", "{71D92BBB-3591-4944-BCE7-352B76F6F154}"
EndProject
Project("{FAE04EC0-301F-11D3-BF4B-00C04F79EFBC}") = "02-FactoryMethodPattern", "02-FactoryMethodPattern\02-FactoryMethodPattern.csproj", "{9982AEAD-6F66-400A-9990-B3B5D0D37350}"
EndProject
Project("{FAE04EC0-301F-11D3-BF4B-00C04F79EFBC}") = "03-AbstractFactoryPattern", "03-AbstractFactoryPattern\03-AbstractFactoryPattern.csproj", "{B905997B-3CAC-48EC-A276-BDDC9DCFDA42}"
EndProject
Global
	GlobalSection(SolutionConfigurationPlatforms) = preSolution
		Debug|Any CPU = Debug|Any CPU
		Release|Any CPU = Release|Any CPU
	EndGlobalSection
	GlobalSection(ProjectConfigurationPlatforms) = postSolution
		{F019873D-422A-4FA7-AB72-52CAEC1E2959}.Debug|Any CPU.ActiveCfg = Debug|Any CPU
		{F019873D-422A-4FA7-AB72-52CAEC1E2959}.Debug|Any CPU.Build.0 = Debug|Any CPU
		{F019873D-422A-4FA7-AB72-52CAEC1E2959}.Release|Any CPU.ActiveCfg = Release|Any CPU
		{F019873D-422A-4FA7-AB72-52CAEC1E2959}.Release|Any CPU.Build.0 = Release|Any CPU
		{C6482E73-CB9A-4AC8-8DB9-31A11C748437}.Debug|Any CPU.ActiveCfg = Debug|Any CPU
		{C6482E73-CB9A-4AC8-8DB9-31A11C748437}.Debug|Any CPU.Build.0 = Debug|Any CPU
		{C6482E73-CB9A-4AC8-8DB9-31A11C748437}.Release|Any CPU.ActiveCfg = Release|Any CPU
		{C6482E73-CB9A-4AC8-8DB9-31A11C748437}.Release|Any CPU.Build.0 = Release|Any CPU
		{E2B8468E-90C5-45C0-B0B9-DFDFC1877A82}.Debug|Any CPU.ActiveCfg = Debug|Any CPU
		{E2B8468E-90C5-45C0-B0B9-DFDFC1877A82}.Debug|Any CPU.Build.0 = Debug|Any CPU
		{E2B8468E-90C5-45C0-B0B9-DFDFC1877A82}.Release|Any CPU.ActiveCfg = Release|Any CPU
		{E2B8468E-90C5-45C0-B0B9-DFDFC1877A82}.Release|Any CPU.Build.0 = Release|Any CPU
		{F0055A61-6495-410A-971D-61C4F0060A00}.Debug|Any CPU.ActiveCfg = Debug|Any CPU
		{F0055A61-6495-410A-971D-61C4F0060A00}.Debug|Any CPU.Build.0 = Debug|Any CPU
		{F0055A61-6495-410A-971D-61C4F0060A00}.Release|Any CPU.ActiveCfg = Release|Any CPU
		{F0055A61-6495-410A-971D-61C4F0060A00}.Release|Any CPU.Build.0 = Release|Any CPU
		{72D1DE06-0B1B-4D87-BABA-DD2CEFF7B0C7}.Debug|Any CPU.ActiveCfg = Debug|Any CPU
		{72D1DE06-0B1B-4D87-BABA-DD2CEFF7B0C7}.Debug|Any CPU.Build.0 = Debug|Any CPU
		{72D1DE06-0B1B-4D87-BABA-DD2CEFF7B0C7}.Release|Any CPU.ActiveCfg = Release|Any CPU
		{72D1DE06-0B1B-4D87-BABA-DD2CEFF7B0C7}.Release|Any CPU.Build.0 = Release|Any CPU
		{BFA62552-A827-4D26-89A7-2964277F5A46}.Debug|Any CPU.ActiveCfg = Debug|Any CPU
		{BFA62552-A827-4D26-89A7-2964277F5A46}.Debug|Any CPU.Build.0 = Debug|Any CPU
		{BFA62552-A827-4D26-89A7-2964277F5A46}.Release|Any CPU.ActiveCfg = Release|Any CPU
		{BFA62552-A827-4D26-89A7-2964277F5A46}.Release|Any CPU.Build.0 = Release|Any CPU
		{B8B98D72-15E2-4DA6-A489-DD9FC9C66280}.Debug|Any CPU.ActiveCfg = Debug|Any CPU
		{B8B98D72-15E2-4DA6-A489-DD9FC9C66280}.Debug|Any CPU.Build.0 = Debug|Any CPU
		{B8B98D72-15E2-4DA6-A489-DD9FC9C66280}.Release|Any CPU.ActiveCfg = Release|Any CPU
		{B8B98D72-15E2-4DA6-A489-DD9FC9C66280}.Release|Any CPU.Build.0 = Release|Any CPU
		{3D769765-62B5-485A-86ED-2F014148D5D4}.Debug|Any CPU.ActiveCfg = Debug|Any CPU
		{3D769765-62B5-485A-86ED-2F014148D5D4}.Debug|Any CPU.Build.0 = Debug|Any CPU
		{3D769765-62B5-485A-86ED-2F014148D5D4}.Release|Any CPU.ActiveCfg = Release|Any CPU
		{3D769765-62B5-485A-86ED-2F014148D5D4}.Release|Any CPU.Build.0 = Release|Any CPU
		{D5EBF6FC-8C9F-482E-9868-CEB17F9ED076}.Debug|Any CPU.ActiveCfg = Debug|Any CPU
		{D5EBF6FC-8C9F-482E-9868-CEB17F9ED076}.Debug|Any CPU.Build.0 = Debug|Any CPU
		{D5EBF6FC-8C9F-482E-9868-CEB17F9ED076}.Release|Any CPU.ActiveCfg = Release|Any CPU
		{D5EBF6FC-8C9F-482E-9868-CEB17F9ED076}.Release|Any CPU.Build.0 = Release|Any CPU
		{AFAA3DC9-4B72-426B-B48B-7393FB67825B}.Debug|Any CPU.ActiveCfg = Debug|Any CPU
		{AFAA3DC9-4B72-426B-B48B-7393FB67825B}.Debug|Any CPU.Build.0 = Debug|Any CPU
		{AFAA3DC9-4B72-426B-B48B-7393FB67825B}.Release|Any CPU.ActiveCfg = Release|Any CPU
		{AFAA3DC9-4B72-426B-B48B-7393FB67825B}.Release|Any CPU.Build.0 = Release|Any CPU
		{23806DA2-93A9-450E-A643-20F32F5CCED1}.Debug|Any CPU.ActiveCfg = Debug|Any CPU
		{23806DA2-93A9-450E-A643-20F32F5CCED1}.Debug|Any CPU.Build.0 = Debug|Any CPU
		{23806DA2-93A9-450E-A643-20F32F5CCED1}.Release|Any CPU.ActiveCfg = Release|Any CPU
		{23806DA2-93A9-450E-A643-20F32F5CCED1}.Release|Any CPU.Build.0 = Release|Any CPU
		{12E674D0-9262-41DD-A593-C4F06EEB0AAE}.Debug|Any CPU.ActiveCfg = Debug|Any CPU
		{12E674D0-9262-41DD-A593-C4F06EEB0AAE}.Debug|Any CPU.Build.0 = Debug|Any CPU
		{12E674D0-9262-41DD-A593-C4F06EEB0AAE}.Release|Any CPU.ActiveCfg = Release|Any CPU
		{12E674D0-9262-41DD-A593-C4F06EEB0AAE}.Release|Any CPU.Build.0 = Release|Any CPU
		{13ECAC45-A5CF-4258-B0F9-4B172B817244}.Debug|Any CPU.ActiveCfg = Debug|Any CPU
		{13ECAC45-A5CF-4258-B0F9-4B172B817244}.Debug|Any CPU.Build.0 = Debug|Any CPU
		{13ECAC45-A5CF-4258-B0F9-4B172B817244}.Release|Any CPU.ActiveCfg = Release|Any CPU
		{13ECAC45-A5CF-4258-B0F9-4B172B817244}.Release|Any CPU.Build.0 = Release|Any CPU
		{9AB651F2-C6D2-4727-9968-E1C680A90A90}.Debug|Any CPU.ActiveCfg = Debug|Any CPU
		{9AB651F2-C6D2-4727-9968-E1C680A90A90}.Debug|Any CPU.Build.0 = Debug|Any CPU
		{9AB651F2-C6D2-4727-9968-E1C680A90A90}.Release|Any CPU.ActiveCfg = Release|Any CPU
		{9AB651F2-C6D2-4727-9968-E1C680A90A90}.Release|Any CPU.Build.0 = Release|Any CPU
		{FE310F73-7076-47D5-8EA1-E51F68CCC19A}.Debug|Any CPU.ActiveCfg = Debug|Any CPU
		{FE310F73-7076-47D5-8EA1-E51F68CCC19A}.Debug|Any CPU.Build.0 = Debug|Any CPU
		{FE310F73-7076-47D5-8EA1-E51F68CCC19A}.Release|Any CPU.ActiveCfg = Release|Any CPU
		{FE310F73-7076-47D5-8EA1-E51F68CCC19A}.Release|Any CPU.Build.0 = Release|Any CPU
		{78C7658D-B648-4C48-B912-82D44006DFDF}.Debug|Any CPU.ActiveCfg = Debug|Any CPU
		{78C7658D-B648-4C48-B912-82D44006DFDF}.Debug|Any CPU.Build.0 = Debug|Any CPU
		{78C7658D-B648-4C48-B912-82D44006DFDF}.Release|Any CPU.ActiveCfg = Release|Any CPU
		{78C7658D-B648-4C48-B912-82D44006DFDF}.Release|Any CPU.Build.0 = Release|Any CPU
		{CED130C1-6402-4C97-B6DF-46111E4182CA}.Debug|Any CPU.ActiveCfg = Debug|Any CPU
		{CED130C1-6402-4C97-B6DF-46111E4182CA}.Debug|Any CPU.Build.0 = Debug|Any CPU
		{CED130C1-6402-4C97-B6DF-46111E4182CA}.Release|Any CPU.ActiveCfg = Release|Any CPU
		{CED130C1-6402-4C97-B6DF-46111E4182CA}.Release|Any CPU.Build.0 = Release|Any CPU
		{677B2F4A-1A0D-470E-AA55-B0B65D6BAA6D}.Debug|Any CPU.ActiveCfg = Debug|Any CPU
		{677B2F4A-1A0D-470E-AA55-B0B65D6BAA6D}.Debug|Any CPU.Build.0 = Debug|Any CPU
		{677B2F4A-1A0D-470E-AA55-B0B65D6BAA6D}.Release|Any CPU.ActiveCfg = Release|Any CPU
		{677B2F4A-1A0D-470E-AA55-B0B65D6BAA6D}.Release|Any CPU.Build.0 = Release|Any CPU
		{54CE41D9-54F5-4F5D-9D03-A1F7881836C3}.Debug|Any CPU.ActiveCfg = Debug|Any CPU
		{54CE41D9-54F5-4F5D-9D03-A1F7881836C3}.Debug|Any CPU.Build.0 = Debug|Any CPU
		{54CE41D9-54F5-4F5D-9D03-A1F7881836C3}.Release|Any CPU.ActiveCfg = Release|Any CPU
		{54CE41D9-54F5-4F5D-9D03-A1F7881836C3}.Release|Any CPU.Build.0 = Release|Any CPU
		{DDCCC3F8-64B9-41DA-84F1-AD7CAF493268}.Debug|Any CPU.ActiveCfg = Debug|Any CPU
		{DDCCC3F8-64B9-41DA-84F1-AD7CAF493268}.Debug|Any CPU.Build.0 = Debug|Any CPU
		{DDCCC3F8-64B9-41DA-84F1-AD7CAF493268}.Release|Any CPU.ActiveCfg = Release|Any CPU
		{DDCCC3F8-64B9-41DA-84F1-AD7CAF493268}.Release|Any CPU.Build.0 = Release|Any CPU
		{0C2556E9-5614-4C11-B901-1DF4B7A0CC44}.Debug|Any CPU.ActiveCfg = Debug|Any CPU
		{0C2556E9-5614-4C11-B901-1DF4B7A0CC44}.Debug|Any CPU.Build.0 = Debug|Any CPU
		{0C2556E9-5614-4C11-B901-1DF4B7A0CC44}.Release|Any CPU.ActiveCfg = Release|Any CPU
		{0C2556E9-5614-4C11-B901-1DF4B7A0CC44}.Release|Any CPU.Build.0 = Release|Any CPU
		{71D92BBB-3591-4944-BCE7-352B76F6F154}.Debug|Any CPU.ActiveCfg = Debug|Any CPU
		{71D92BBB-3591-4944-BCE7-352B76F6F154}.Debug|Any CPU.Build.0 = Debug|Any CPU
		{71D92BBB-3591-4944-BCE7-352B76F6F154}.Release|Any CPU.ActiveCfg = Release|Any CPU
		{71D92BBB-3591-4944-BCE7-352B76F6F154}.Release|Any CPU.Build.0 = Release|Any CPU
		{9982AEAD-6F66-400A-9990-B3B5D0D37350}.Debug|Any CPU.ActiveCfg = Debug|Any CPU
		{9982AEAD-6F66-400A-9990-B3B5D0D37350}.Debug|Any CPU.Build.0 = Debug|Any CPU
		{9982AEAD-6F66-400A-9990-B3B5D0D37350}.Release|Any CPU.ActiveCfg = Release|Any CPU
		{9982AEAD-6F66-400A-9990-B3B5D0D37350}.Release|Any CPU.Build.0 = Release|Any CPU
		{B905997B-3CAC-48EC-A276-BDDC9DCFDA42}.Debug|Any CPU.ActiveCfg = Debug|Any CPU
		{B905997B-3CAC-48EC-A276-BDDC9DCFDA42}.Debug|Any CPU.Build.0 = Debug|Any CPU
		{B905997B-3CAC-48EC-A276-BDDC9DCFDA42}.Release|Any CPU.ActiveCfg = Release|Any CPU
		{B905997B-3CAC-48EC-A276-BDDC9DCFDA42}.Release|Any CPU.Build.0 = Release|Any CPU
	EndGlobalSection
	GlobalSection(SolutionProperties) = preSolution
		HideSolutionNode = FALSE
	EndGlobalSection
EndGlobal
