
Microsoft Visual Studio Solution File, Format Version 12.00
# Visual Studio 2013
VisualStudioVersion = 12.0.21005.1
MinimumVisualStudioVersion = 10.0.40219.1
Project("{FAE04EC0-301F-11D3-BF4B-00C04F79EFBC}") = "CompositePattern", "CompositePattern\CompositePattern.csproj", "{F019873D-422A-4FA7-AB72-52CAEC1E2959}"
EndProject
Project("{FAE04EC0-301F-11D3-BF4B-00C04F79EFBC}") = "StatePattern", "StatePattern\StatePattern.csproj", "{CED130C1-6402-4C97-B6DF-46111E4182CA}"
EndProject
Project("{FAE04EC0-301F-11D3-BF4B-00C04F79EFBC}") = "CommandPattern", "CommandPattern\CommandPattern.csproj", "{23806DA2-93A9-450E-A643-20F32F5CCED1}"
EndProject
Project("{FAE04EC0-301F-11D3-BF4B-00C04F79EFBC}") = "05-PrototypePattern", "PrototypePattern\05-PrototypePattern.csproj", "{C6482E73-CB9A-4AC8-8DB9-31A11C748437}"
EndProject
Project("{FAE04EC0-301F-11D3-BF4B-00C04F79EFBC}") = "06-BuilderPattern", "BuilderPattern\06-BuilderPattern.csproj", "{E2B8468E-90C5-45C0-B0B9-DFDFC1877A82}"
EndProject
Project("{FAE04EC0-301F-11D3-BF4B-00C04F79EFBC}") = "07-AdapterPattern", "07-AdapterPattern\07-AdapterPattern.csproj", "{F0055A61-6495-410A-971D-61C4F0060A00}"
EndProject
Global
	GlobalSection(SolutionConfigurationPlatforms) = preSolution
		Debug|Any CPU = Debug|Any CPU
		Release|Any CPU = Release|Any CPU
	EndGlobalSection
	GlobalSection(ProjectConfigurationPlatforms) = postSolution
		{F019873D-422A-4FA7-AB72-52CAEC1E2959}.Debug|Any CPU.ActiveCfg = Debug|Any CPU
		{F019873D-422A-4FA7-AB72-52CAEC1E2959}.Debug|Any CPU.Build.0 = Debug|Any CPU
		{F019873D-422A-4FA7-AB72-52CAEC1E2959}.Release|Any CPU.ActiveCfg = Release|Any CPU
		{F019873D-422A-4FA7-AB72-52CAEC1E2959}.Release|Any CPU.Build.0 = Release|Any CPU
		{CED130C1-6402-4C97-B6DF-46111E4182CA}.Debug|Any CPU.ActiveCfg = Debug|Any CPU
		{CED130C1-6402-4C97-B6DF-46111E4182CA}.Debug|Any CPU.Build.0 = Debug|Any CPU
		{CED130C1-6402-4C97-B6DF-46111E4182CA}.Release|Any CPU.ActiveCfg = Release|Any CPU
		{CED130C1-6402-4C97-B6DF-46111E4182CA}.Release|Any CPU.Build.0 = Release|Any CPU
		{23806DA2-93A9-450E-A643-20F32F5CCED1}.Debug|Any CPU.ActiveCfg = Debug|Any CPU
		{23806DA2-93A9-450E-A643-20F32F5CCED1}.Debug|Any CPU.Build.0 = Debug|Any CPU
		{23806DA2-93A9-450E-A643-20F32F5CCED1}.Release|Any CPU.ActiveCfg = Release|Any CPU
		{23806DA2-93A9-450E-A643-20F32F5CCED1}.Release|Any CPU.Build.0 = Release|Any CPU
		{C6482E73-CB9A-4AC8-8DB9-31A11C748437}.Debug|Any CPU.ActiveCfg = Debug|Any CPU
		{C6482E73-CB9A-4AC8-8DB9-31A11C748437}.Debug|Any CPU.Build.0 = Debug|Any CPU
		{C6482E73-CB9A-4AC8-8DB9-31A11C748437}.Release|Any CPU.ActiveCfg = Release|Any CPU
		{C6482E73-CB9A-4AC8-8DB9-31A11C748437}.Release|Any CPU.Build.0 = Release|Any CPU
		{E2B8468E-90C5-45C0-B0B9-DFDFC1877A82}.Debug|Any CPU.ActiveCfg = Debug|Any CPU
		{E2B8468E-90C5-45C0-B0B9-DFDFC1877A82}.Debug|Any CPU.Build.0 = Debug|Any CPU
		{E2B8468E-90C5-45C0-B0B9-DFDFC1877A82}.Release|Any CPU.ActiveCfg = Release|Any CPU
		{E2B8468E-90C5-45C0-B0B9-DFDFC1877A82}.Release|Any CPU.Build.0 = Release|Any CPU
		{F0055A61-6495-410A-971D-61C4F0060A00}.Debug|Any CPU.ActiveCfg = Debug|Any CPU
		{F0055A61-6495-410A-971D-61C4F0060A00}.Debug|Any CPU.Build.0 = Debug|Any CPU
		{F0055A61-6495-410A-971D-61C4F0060A00}.Release|Any CPU.ActiveCfg = Release|Any CPU
		{F0055A61-6495-410A-971D-61C4F0060A00}.Release|Any CPU.Build.0 = Release|Any CPU
	EndGlobalSection
	GlobalSection(SolutionProperties) = preSolution
		HideSolutionNode = FALSE
	EndGlobalSection
EndGlobal
